
Microsoft Visual Studio Solution File, Format Version 12.00
# Visual Studio Version 16
VisualStudioVersion = 16.0.28729.10
MinimumVisualStudioVersion = 10.0.40219.1
Project("{FAE04EC0-301F-11D3-BF4B-00C04F79EFBC}") = "mpPrToTable_2013", "mpPrToTable_2013\mpPrToTable_2013.csproj", "{387E60A5-41E3-43CC-82C2-E55C2B08E856}"
EndProject
Project("{FAE04EC0-301F-11D3-BF4B-00C04F79EFBC}") = "mpPrToTable_2014", "mpPrToTable_2014\mpPrToTable_2014.csproj", "{AC3C9F1C-4454-4017-9F72-51CA2CDC3A23}"
EndProject
Project("{FAE04EC0-301F-11D3-BF4B-00C04F79EFBC}") = "mpPrToTable_2015", "mpPrToTable_2015\mpPrToTable_2015.csproj", "{19C2443A-DCD1-43E0-8D0B-6F35EDA53170}"
EndProject
Project("{FAE04EC0-301F-11D3-BF4B-00C04F79EFBC}") = "mpPrToTable_2016", "mpPrToTable_2016\mpPrToTable_2016.csproj", "{143892A1-183B-4B9D-ACBA-D72CD1A98305}"
EndProject
Project("{FAE04EC0-301F-11D3-BF4B-00C04F79EFBC}") = "mpPrToTable_2017", "mpPrToTable_2017\mpPrToTable_2017.csproj", "{1EF31175-7E6E-4665-8985-E1449051914B}"
EndProject
Project("{FAE04EC0-301F-11D3-BF4B-00C04F79EFBC}") = "mpPrToTable_2018", "mpPrToTable_2018\mpPrToTable_2018.csproj", "{D43936FB-66FE-4E40-85C9-7C6763350441}"
EndProject
Project("{FAE04EC0-301F-11D3-BF4B-00C04F79EFBC}") = "mpPrToTable_2019", "mpPrToTable_2019\mpPrToTable_2019.csproj", "{E849DD54-7BE3-4CAF-802F-3B8641D85A3F}"
EndProject
Project("{FAE04EC0-301F-11D3-BF4B-00C04F79EFBC}") = "mpPrToTable_2020", "mpPrToTable_2020\mpPrToTable_2020.csproj", "{34116C40-094E-4920-AB2B-0F8F187F49FC}"
EndProject
Global
	GlobalSection(SolutionConfigurationPlatforms) = preSolution
		Debug|Any CPU = Debug|Any CPU
		Release|Any CPU = Release|Any CPU
	EndGlobalSection
	GlobalSection(ProjectConfigurationPlatforms) = postSolution
		{387E60A5-41E3-43CC-82C2-E55C2B08E856}.Debug|Any CPU.ActiveCfg = Debug|Any CPU
		{387E60A5-41E3-43CC-82C2-E55C2B08E856}.Debug|Any CPU.Build.0 = Debug|Any CPU
		{387E60A5-41E3-43CC-82C2-E55C2B08E856}.Release|Any CPU.ActiveCfg = Release|Any CPU
		{387E60A5-41E3-43CC-82C2-E55C2B08E856}.Release|Any CPU.Build.0 = Release|Any CPU
		{AC3C9F1C-4454-4017-9F72-51CA2CDC3A23}.Debug|Any CPU.ActiveCfg = Debug|Any CPU
		{AC3C9F1C-4454-4017-9F72-51CA2CDC3A23}.Debug|Any CPU.Build.0 = Debug|Any CPU
		{AC3C9F1C-4454-4017-9F72-51CA2CDC3A23}.Release|Any CPU.ActiveCfg = Release|Any CPU
		{AC3C9F1C-4454-4017-9F72-51CA2CDC3A23}.Release|Any CPU.Build.0 = Release|Any CPU
		{19C2443A-DCD1-43E0-8D0B-6F35EDA53170}.Debug|Any CPU.ActiveCfg = Debug|Any CPU
		{19C2443A-DCD1-43E0-8D0B-6F35EDA53170}.Debug|Any CPU.Build.0 = Debug|Any CPU
		{19C2443A-DCD1-43E0-8D0B-6F35EDA53170}.Release|Any CPU.ActiveCfg = Release|Any CPU
		{19C2443A-DCD1-43E0-8D0B-6F35EDA53170}.Release|Any CPU.Build.0 = Release|Any CPU
		{143892A1-183B-4B9D-ACBA-D72CD1A98305}.Debug|Any CPU.ActiveCfg = Debug|Any CPU
		{143892A1-183B-4B9D-ACBA-D72CD1A98305}.Debug|Any CPU.Build.0 = Debug|Any CPU
		{143892A1-183B-4B9D-ACBA-D72CD1A98305}.Release|Any CPU.ActiveCfg = Release|Any CPU
		{143892A1-183B-4B9D-ACBA-D72CD1A98305}.Release|Any CPU.Build.0 = Release|Any CPU
		{1EF31175-7E6E-4665-8985-E1449051914B}.Debug|Any CPU.ActiveCfg = Debug|Any CPU
		{1EF31175-7E6E-4665-8985-E1449051914B}.Debug|Any CPU.Build.0 = Debug|Any CPU
		{1EF31175-7E6E-4665-8985-E1449051914B}.Release|Any CPU.ActiveCfg = Release|Any CPU
		{1EF31175-7E6E-4665-8985-E1449051914B}.Release|Any CPU.Build.0 = Release|Any CPU
		{D43936FB-66FE-4E40-85C9-7C6763350441}.Debug|Any CPU.ActiveCfg = Debug|Any CPU
		{D43936FB-66FE-4E40-85C9-7C6763350441}.Debug|Any CPU.Build.0 = Debug|Any CPU
		{D43936FB-66FE-4E40-85C9-7C6763350441}.Release|Any CPU.ActiveCfg = Release|Any CPU
		{D43936FB-66FE-4E40-85C9-7C6763350441}.Release|Any CPU.Build.0 = Release|Any CPU
		{E849DD54-7BE3-4CAF-802F-3B8641D85A3F}.Debug|Any CPU.ActiveCfg = Debug|Any CPU
		{E849DD54-7BE3-4CAF-802F-3B8641D85A3F}.Debug|Any CPU.Build.0 = Debug|Any CPU
		{E849DD54-7BE3-4CAF-802F-3B8641D85A3F}.Release|Any CPU.ActiveCfg = Release|Any CPU
		{E849DD54-7BE3-4CAF-802F-3B8641D85A3F}.Release|Any CPU.Build.0 = Release|Any CPU
		{34116C40-094E-4920-AB2B-0F8F187F49FC}.Debug|Any CPU.ActiveCfg = Debug|Any CPU
		{34116C40-094E-4920-AB2B-0F8F187F49FC}.Debug|Any CPU.Build.0 = Debug|Any CPU
		{34116C40-094E-4920-AB2B-0F8F187F49FC}.Release|Any CPU.ActiveCfg = Release|Any CPU
		{34116C40-094E-4920-AB2B-0F8F187F49FC}.Release|Any CPU.Build.0 = Release|Any CPU
	EndGlobalSection
	GlobalSection(SolutionProperties) = preSolution
		HideSolutionNode = FALSE
	EndGlobalSection
	GlobalSection(ExtensibilityGlobals) = postSolution
		SolutionGuid = {76726BA6-32A4-40E4-9D6E-855DA4B773CF}
	EndGlobalSection
EndGlobal
